
Microsoft Visual Studio Solution File, Format Version 12.00
# Visual Studio Version 16
VisualStudioVersion = 16.0.30002.166
MinimumVisualStudioVersion = 10.0.40219.1
Project("{FAE04EC0-301F-11D3-BF4B-00C04F79EFBC}") = "Own.SmartphoneLib", "Own.SmartphoneLib\Own.SmartphoneLib.csproj", "{78819ADA-64EC-497B-B889-6D9CF775BA03}"
EndProject
Project("{FAE04EC0-301F-11D3-BF4B-00C04F79EFBC}") = "Own.SmartphoneGUI", "Own.SmartphoneGUI\Own.SmartphoneGUI.csproj", "{F921D1B1-7B4F-400A-8A1E-55F68354722B}"
EndProject
Global
	GlobalSection(SolutionConfigurationPlatforms) = preSolution
		Debug|Any CPU = Debug|Any CPU
		Release|Any CPU = Release|Any CPU
	EndGlobalSection
	GlobalSection(ProjectConfigurationPlatforms) = postSolution
		{78819ADA-64EC-497B-B889-6D9CF775BA03}.Debug|Any CPU.ActiveCfg = Debug|Any CPU
		{78819ADA-64EC-497B-B889-6D9CF775BA03}.Debug|Any CPU.Build.0 = Debug|Any CPU
		{78819ADA-64EC-497B-B889-6D9CF775BA03}.Release|Any CPU.ActiveCfg = Release|Any CPU
		{78819ADA-64EC-497B-B889-6D9CF775BA03}.Release|Any CPU.Build.0 = Release|Any CPU
		{F921D1B1-7B4F-400A-8A1E-55F68354722B}.Debug|Any CPU.ActiveCfg = Debug|Any CPU
		{F921D1B1-7B4F-400A-8A1E-55F68354722B}.Debug|Any CPU.Build.0 = Debug|Any CPU
		{F921D1B1-7B4F-400A-8A1E-55F68354722B}.Release|Any CPU.ActiveCfg = Release|Any CPU
		{F921D1B1-7B4F-400A-8A1E-55F68354722B}.Release|Any CPU.Build.0 = Release|Any CPU
	EndGlobalSection
	GlobalSection(SolutionProperties) = preSolution
		HideSolutionNode = FALSE
	EndGlobalSection
	GlobalSection(ExtensibilityGlobals) = postSolution
		SolutionGuid = {7A59012F-4F7F-4E70-8762-14CD46541B2E}
	EndGlobalSection
EndGlobal
